{
  "name": "govern-project-docs",
  "version": "0.2.0",
  "lockfileVersion": 3,
  "requires": true,
  "packages": {
    "": {
      "name": "govern-project-docs",
      "version": "0.2.0",
      "license": "MIT",
      "bin": {
        "govern-project-docs": "bin/govern-project-docs.mjs"
      },
      "engines": {
        "node": ">=22"
      }
    }
  }
}
